{
    "name": "unilost-pwa",
    "version": "1.2.1",
    "lockfileVersion": 3,
    "requires": true,
    "packages": {
        "": {
            "name": "unilost-pwa",
            "version": "1.2.1",
            "dependencies": {
                "@azure/msal-browser": "^5.23.0"
            },
            "engines": {
                "node": ">=20"
            }
        },
        "node_modules/@azure/msal-browser": {
            "version": "5.23.0",
            "resolved": "https://registry.npmjs.org/@azure/msal-browser/-/msal-browser-5.23.0.tgz",
            "integrity": "sha512-IRCwkRCK47hBXK+7bu67UZWY7HS0Jx1dZgi4C1HVbjlBum8Jy8fb2l87xFr6HxdQJWy951zRUHtwwDITHFAtaA==",
            "license": "MIT",
            "dependencies": {
                "@azure/msal-common": "16.14.1"
            },
            "engines": {
                "node": ">=0.8.0"
            }
        },
        "node_modules/@azure/msal-common": {
            "version": "16.14.1",
            "resolved": "https://registry.npmjs.org/@azure/msal-common/-/msal-common-16.14.1.tgz",
            "integrity": "sha512-Or6xhPNyi4zHW25158yxBoyxuCqNSPa5YBVqfF1J5Ks4MJWBo/USXdp05DQIPu1Zli00YZu6t0+h6KvHJealxQ==",
            "license": "MIT",
            "engines": {
                "node": ">=0.8.0"
            }
        }
    }
}
